
Microsoft Visual Studio Solution File, Format Version 12.00
# Visual Studio Version 17
VisualStudioVersion = 17.0.31919.166
MinimumVisualStudioVersion = 10.0.40219.1
Project("{9A19103F-16F7-4668-BE54-9A1E7A4F7556}") = "KeyCloak", "KeyCloak\KeyCloak.csproj", "{C949E433-2323-4043-8517-46D9E3BC73D6}"
EndProject
Project("{9A19103F-16F7-4668-BE54-9A1E7A4F7556}") = "WebApp", "WebApp\WebApp.csproj", "{77DA4083-2E3A-4D33-BBA1-9D7FFD5E87CE}"
EndProject
Global
	GlobalSection(SolutionConfigurationPlatforms) = preSolution
		Debug|Any CPU = Debug|Any CPU
		Release|Any CPU = Release|Any CPU
	EndGlobalSection
	GlobalSection(ProjectConfigurationPlatforms) = postSolution
		{C949E433-2323-4043-8517-46D9E3BC73D6}.Debug|Any CPU.ActiveCfg = Debug|Any CPU
		{C949E433-2323-4043-8517-46D9E3BC73D6}.Debug|Any CPU.Build.0 = Debug|Any CPU
		{C949E433-2323-4043-8517-46D9E3BC73D6}.Release|Any CPU.ActiveCfg = Release|Any CPU
		{C949E433-2323-4043-8517-46D9E3BC73D6}.Release|Any CPU.Build.0 = Release|Any CPU
		{77DA4083-2E3A-4D33-BBA1-9D7FFD5E87CE}.Debug|Any CPU.ActiveCfg = Debug|Any CPU
		{77DA4083-2E3A-4D33-BBA1-9D7FFD5E87CE}.Debug|Any CPU.Build.0 = Debug|Any CPU
		{77DA4083-2E3A-4D33-BBA1-9D7FFD5E87CE}.Release|Any CPU.ActiveCfg = Release|Any CPU
		{77DA4083-2E3A-4D33-BBA1-9D7FFD5E87CE}.Release|Any CPU.Build.0 = Release|Any CPU
	EndGlobalSection
	GlobalSection(SolutionProperties) = preSolution
		HideSolutionNode = FALSE
	EndGlobalSection
	GlobalSection(ExtensibilityGlobals) = postSolution
		SolutionGuid = {8DDF937A-4C17-4039-9626-D4AD957C2003}
	EndGlobalSection
EndGlobal
